// !$*UTF8*$!
{
	archiveVersion = 1;
	classes = {
	};
	objectVersion = 48;
	objects = {

/* Begin PBXBuildFile section */
		25DEF5DC76AE0FC4120F361F /* Pods_Client.framework in Frameworks */ = {isa = PBXBuildFile; fileRef = 08550BABE3CC6C20326369FC /* Pods_Client.framework */; };
		FCFDB1341F9B1BD600A8ECD2 /* AppDelegate.swift in Sources */ = {isa = PBXBuildFile; fileRef = FCFDB1331F9B1BD600A8ECD2 /* AppDelegate.swift */; };
		FCFDB1361F9B1BD600A8ECD2 /* ViewController.swift in Sources */ = {isa = PBXBuildFile; fileRef = FCFDB1351F9B1BD600A8ECD2 /* ViewController.swift */; };
		FCFDB1391F9B1BD600A8ECD2 /* Main.storyboard in Resources */ = {isa = PBXBuildFile; fileRef = FCFDB1371F9B1BD600A8ECD2 /* Main.storyboard */; };
		FCFDB13B1F9B1BD600A8ECD2 /* Assets.xcassets in Resources */ = {isa = PBXBuildFile; fileRef = FCFDB13A1F9B1BD600A8ECD2 /* Assets.xcassets */; };
		FCFDB13E1F9B1BD600A8ECD2 /* LaunchScreen.storyboard in Resources */ = {isa = PBXBuildFile; fileRef = FCFDB13C1F9B1BD600A8ECD2 /* LaunchScreen.storyboard */; };
/* End PBXBuildFile section */

/* Begin PBXFileReference section */
		08550BABE3CC6C20326369FC /* Pods_Client.framework */ = {isa = PBXFileReference; explicitFileType = wrapper.framework; includeInIndex = 0; path = Pods_Client.framework; sourceTree = BUILT_PRODUCTS_DIR; };
		51A8F9EACA4FA2C5565D9344 /* Pods-Client.release.xcconfig */ = {isa = PBXFileReference; includeInIndex = 1; lastKnownFileType = text.xcconfig; name = "Pods-Client.release.xcconfig"; path = "Pods/Target Support Files/Pods-Client/Pods-Client.release.xcconfig"; sourceTree = "<group>"; };
		817440E6F1C1276AAD489E4F /* Pods-Client.debug.xcconfig */ = {isa = PBXFileReference; includeInIndex = 1; lastKnownFileType = text.xcconfig; name = "Pods-Client.debug.xcconfig"; path = "Pods/Target Support Files/Pods-Client/Pods-Client.debug.xcconfig"; sourceTree = "<group>"; };
		FCFDB1301F9B1BD600A8ECD2 /* Client.app */ = {isa = PBXFileReference; explicitFileType = wrapper.application; includeInIndex = 0; path = Client.app; sourceTree = BUILT_PRODUCTS_DIR; };
		FCFDB1331F9B1BD600A8ECD2 /* AppDelegate.swift */ = {isa = PBXFileReference; lastKnownFileType = sourcecode.swift; path = AppDelegate.swift; sourceTree = "<group>"; };
		FCFDB1351F9B1BD600A8ECD2 /* ViewController.swift */ = {isa = PBXFileReference; lastKnownFileType = sourcecode.swift; path = ViewController.swift; sourceTree = "<group>"; };
		FCFDB1381F9B1BD600A8ECD2 /* Base */ = {isa = PBXFileReference; lastKnownFileType = file.storyboard; name = Base; path = Base.lproj/Main.storyboard; sourceTree = "<group>"; };
		FCFDB13A1F9B1BD600A8ECD2 /* Assets.xcassets */ = {isa = PBXFileReference; lastKnownFileType = folder.assetcatalog; path = Assets.xcassets; sourceTree = "<group>"; };
		FCFDB13D1F9B1BD600A8ECD2 /* Base */ = {isa = PBXFileReference; lastKnownFileType = file.storyboard; name = Base; path = Base.lproj/LaunchScreen.storyboard; sourceTree = "<group>"; };
		FCFDB13F1F9B1BD600A8ECD2 /* Info.plist */ = {isa = PBXFileReference; lastKnownFileType = text.plist.xml; path = Info.plist; sourceTree = "<group>"; };
/* End PBXFileReference section */

/* Begin PBXFrameworksBuildPhase section */
		FCFDB12D1F9B1BD600A8ECD2 /* Frameworks */ = {
			isa = PBXFrameworksBuildPhase;
			buildActionMask = 2147483647;
			files = (
				25DEF5DC76AE0FC4120F361F /* Pods_Client.framework in Frameworks */,
			);
			runOnlyForDeploymentPostprocessing = 0;
		};
/* End PBXFrameworksBuildPhase section */

/* Begin PBXGroup section */
		4A9F889428857383850E6A21 /* Frameworks */ = {
			isa = PBXGroup;
			children = (
				08550BABE3CC6C20326369FC /* Pods_Client.framework */,
			);
			name = Frameworks;
			sourceTree = "<group>";
		};
		A0E77B0204A3F40726D41C22 /* Pods */ = {
			isa = PBXGroup;
			children = (
				817440E6F1C1276AAD489E4F /* Pods-Client.debug.xcconfig */,
				51A8F9EACA4FA2C5565D9344 /* Pods-Client.release.xcconfig */,
			);
			name = Pods;
			sourceTree = "<group>";
		};
		FCFDB1271F9B1BD600A8ECD2 = {
			isa = PBXGroup;
			children = (
				FCFDB1321F9B1BD600A8ECD2 /* Client */,
				FCFDB1311F9B1BD600A8ECD2 /* Products */,
				A0E77B0204A3F40726D41C22 /* Pods */,
				4A9F889428857383850E6A21 /* Frameworks */,
			);
			sourceTree = "<group>";
		};
		FCFDB1311F9B1BD600A8ECD2 /* Products */ = {
			isa = PBXGroup;
			children = (
				FCFDB1301F9B1BD600A8ECD2 /* Client.app */,
			);
			name = Products;
			sourceTree = "<group>";
		};
		FCFDB1321F9B1BD600A8ECD2 /* Client */ = {
			isa = PBXGroup;
			children = (
				FCFDB1331F9B1BD600A8ECD2 /* AppDelegate.swift */,
				FCFDB1351F9B1BD600A8ECD2 /* ViewController.swift */,
				FCFDB1371F9B1BD600A8ECD2 /* Main.storyboard */,
				FCFDB13A1F9B1BD600A8ECD2 /* Assets.xcassets */,
				FCFDB13C1F9B1BD600A8ECD2 /* LaunchScreen.storyboard */,
				FCFDB13F1F9B1BD600A8ECD2 /* Info.plist */,
			);
			path = Client;
			sourceTree = "<group>";
		};
/* End PBXGroup section */

/* Begin PBXNativeTarget section */
		FCFDB12F1F9B1BD600A8ECD2 /* Client */ = {
			isa = PBXNativeTarget;
			buildConfigurationList = FCFDB1421F9B1BD600A8ECD2 /* Build configuration list for PBXNativeTarget "Client" */;
			buildPhases = (
				BFC93F4383B3369A0ACEBBB7 /* [CP] Check Pods Manifest.lock */,
				FCFDB12C1F9B1BD600A8ECD2 /* Sources */,
				FCFDB12D1F9B1BD600A8ECD2 /* Frameworks */,
				FCFDB12E1F9B1BD600A8ECD2 /* Resources */,
				5DF8E7AF21B740E045A68020 /* [CP] Embed Pods Frameworks */,
				DE93F89E99D1DB74F7E23CEA /* [CP] Copy Pods Resources */,
			);
			buildRules = (
			);
			dependencies = (
			);
			name = Client;
			productName = Client;
			productReference = FCFDB1301F9B1BD600A8ECD2 /* Client.app */;
			productType = "com.apple.product-type.application";
		};
/* End PBXNativeTarget section */

/* Begin PBXProject section */
		FCFDB1281F9B1BD600A8ECD2 /* Project object */ = {
			isa = PBXProject;
			attributes = {
				LastSwiftUpdateCheck = 0900;
				LastUpgradeCheck = 0900;
				ORGANIZATIONNAME = baidu;
				TargetAttributes = {
					FCFDB12F1F9B1BD600A8ECD2 = {
						CreatedOnToolsVersion = 9.0;
						ProvisioningStyle = Automatic;
					};
				};
			};
			buildConfigurationList = FCFDB12B1F9B1BD600A8ECD2 /* Build configuration list for PBXProject "Client" */;
			compatibilityVersion = "Xcode 8.0";
			developmentRegion = en;
			hasScannedForEncodings = 0;
			knownRegions = (
				en,
				Base,
			);
			mainGroup = FCFDB1271F9B1BD600A8ECD2;
			productRefGroup = FCFDB1311F9B1BD600A8ECD2 /* Products */;
			projectDirPath = "";
			projectRoot = "";
			targets = (
				FCFDB12F1F9B1BD600A8ECD2 /* Client */,
			);
		};
/* End PBXProject section */

/* Begin PBXResourcesBuildPhase section */
		FCFDB12E1F9B1BD600A8ECD2 /* Resources */ = {
			isa = PBXResourcesBuildPhase;
			buildActionMask = 2147483647;
			files = (
				FCFDB13E1F9B1BD600A8ECD2 /* LaunchScreen.storyboard in Resources */,
				FCFDB13B1F9B1BD600A8ECD2 /* Assets.xcassets in Resources */,
				FCFDB1391F9B1BD600A8ECD2 /* Main.storyboard in Resources */,
			);
			runOnlyForDeploymentPostprocessing = 0;
		};
/* End PBXResourcesBuildPhase section */

/* Begin PBXShellScriptBuildPhase section */
		5DF8E7AF21B740E045A68020 /* [CP] Embed Pods Frameworks */ = {
			isa = PBXShellScriptBuildPhase;
			buildActionMask = 2147483647;
			files = (
			);
			inputPaths = (
				"${SRCROOT}/Pods/Target Support Files/Pods-Client/Pods-Client-frameworks.sh",
				"${BUILT_PRODUCTS_DIR}/Alamofire/Alamofire.framework",
			);
			name = "[CP] Embed Pods Frameworks";
			outputPaths = (
				"${TARGET_BUILD_DIR}/${FRAMEWORKS_FOLDER_PATH}/Alamofire.framework",
			);
			runOnlyForDeploymentPostprocessing = 0;
			shellPath = /bin/sh;
			shellScript = "\"${SRCROOT}/Pods/Target Support Files/Pods-Client/Pods-Client-frameworks.sh\"\n";
			showEnvVarsInLog = 0;
		};
		BFC93F4383B3369A0ACEBBB7 /* [CP] Check Pods Manifest.lock */ = {
			isa = PBXShellScriptBuildPhase;
			buildActionMask = 2147483647;
			files = (
			);
			inputPaths = (
				"${PODS_PODFILE_DIR_PATH}/Podfile.lock",
				"${PODS_ROOT}/Manifest.lock",
			);
			name = "[CP] Check Pods Manifest.lock";
			outputPaths = (
				"$(DERIVED_FILE_DIR)/Pods-Client-checkManifestLockResult.txt",
			);
			runOnlyForDeploymentPostprocessing = 0;
			shellPath = /bin/sh;
			shellScript = "diff \"${PODS_PODFILE_DIR_PATH}/Podfile.lock\" \"${PODS_ROOT}/Manifest.lock\" > /dev/null\nif [ $? != 0 ] ; then\n    # print error to STDERR\n    echo \"error: The sandbox is not in sync with the Podfile.lock. Run 'pod install' or update your CocoaPods installation.\" >&2\n    exit 1\nfi\n# This output is used by Xcode 'outputs' to avoid re-running this script phase.\necho \"SUCCESS\" > \"${SCRIPT_OUTPUT_FILE_0}\"\n";
			showEnvVarsInLog = 0;
		};
		DE93F89E99D1DB74F7E23CEA /* [CP] Copy Pods Resources */ = {
			isa = PBXShellScriptBuildPhase;
			buildActionMask = 2147483647;
			files = (
			);
			inputPaths = (
			);
			name = "[CP] Copy Pods Resources";
			outputPaths = (
			);
			runOnlyForDeploymentPostprocessing = 0;
			shellPath = /bin/sh;
			shellScript = "\"${SRCROOT}/Pods/Target Support Files/Pods-Client/Pods-Client-resources.sh\"\n";
			showEnvVarsInLog = 0;
		};
/* End PBXShellScriptBuildPhase section */

/* Begin PBXSourcesBuildPhase section */
		FCFDB12C1F9B1BD600A8ECD2 /* Sources */ = {
			isa = PBXSourcesBuildPhase;
			buildActionMask = 2147483647;
			files = (
				FCFDB1361F9B1BD600A8ECD2 /* ViewController.swift in Sources */,
				FCFDB1341F9B1BD600A8ECD2 /* AppDelegate.swift in Sources */,
			);
			runOnlyForDeploymentPostprocessing = 0;
		};
/* End PBXSourcesBuildPhase section */

/* Begin PBXVariantGroup section */
		FCFDB1371F9B1BD600A8ECD2 /* Main.storyboard */ = {
			isa = PBXVariantGroup;
			children = (
				FCFDB1381F9B1BD600A8ECD2 /* Base */,
			);
			name = Main.storyboard;
			sourceTree = "<group>";
		};
		FCFDB13C1F9B1BD600A8ECD2 /* LaunchScreen.storyboard */ = {
			isa = PBXVariantGroup;
			children = (
				FCFDB13D1F9B1BD600A8ECD2 /* Base */,
			);
			name = LaunchScreen.storyboard;
			sourceTree = "<group>";
		};
/* End PBXVariantGroup section */

/* Begin XCBuildConfiguration section */
		FCFDB1401F9B1BD600A8ECD2 /* Debug */ = {
			isa = XCBuildConfiguration;
			buildSettings = {
				ALWAYS_SEARCH_USER_PATHS = NO;
				CLANG_ANALYZER_NONNULL = YES;
				CLANG_ANALYZER_NUMBER_OBJECT_CONVERSION = YES_AGGRESSIVE;
				CLANG_CXX_LANGUAGE_STANDARD = "gnu++14";
				CLANG_CXX_LIBRARY = "libc++";
				CLANG_ENABLE_MODULES = YES;
				CLANG_ENABLE_OBJC_ARC = YES;
				CLANG_WARN_BLOCK_CAPTURE_AUTORELEASING = YES;
				CLANG_WARN_BOOL_CONVERSION = YES;
				CLANG_WARN_COMMA = YES;
				CLANG_WARN_CONSTANT_CONVERSION = YES;
				CLANG_WARN_DIRECT_OBJC_ISA_USAGE = YES_ERROR;
				CLANG_WARN_DOCUMENTATION_COMMENTS = YES;
				CLANG_WARN_EMPTY_BODY = YES;
				CLANG_WARN_ENUM_CONVERSION = YES;
				CLANG_WARN_INFINITE_RECURSION = YES;
				CLANG_WARN_INT_CONVERSION = YES;
				CLANG_WARN_NON_LITERAL_NULL_CONVERSION = YES;
				CLANG_WARN_OBJC_LITERAL_CONVERSION = YES;
				CLANG_WARN_OBJC_ROOT_CLASS = YES_ERROR;
				CLANG_WARN_RANGE_LOOP_ANALYSIS = YES;
				CLANG_WARN_STRICT_PROTOTYPES = YES;
				CLANG_WARN_SUSPICIOUS_MOVE = YES;
				CLANG_WARN_UNGUARDED_AVAILABILITY = YES_AGGRESSIVE;
				CLANG_WARN_UNREACHABLE_CODE = YES;
				CLANG_WARN__DUPLICATE_METHOD_MATCH = YES;
				CODE_SIGN_IDENTITY = "iPhone Developer";
				COPY_PHASE_STRIP = NO;
				DEBUG_INFORMATION_FORMAT = dwarf;
				ENABLE_STRICT_OBJC_MSGSEND = YES;
				ENABLE_TESTABILITY = YES;
				GCC_C_LANGUAGE_STANDARD = gnu11;
				GCC_DYNAMIC_NO_PIC = NO;
				GCC_NO_COMMON_BLOCKS = YES;
				GCC_OPTIMIZATION_LEVEL = 0;
				GCC_PREPROCESSOR_DEFINITIONS = (
					"DEBUG=1",
					"$(inherited)",
				);
				GCC_WARN_64_TO_32_BIT_CONVERSION = YES;
				GCC_WARN_ABOUT_RETURN_TYPE = YES_ERROR;
				GCC_WARN_UNDECLARED_SELECTOR = YES;
				GCC_WARN_UNINITIALIZED_AUTOS = YES_AGGRESSIVE;
				GCC_WARN_UNUSED_FUNCTION = YES;
				GCC_WARN_UNUSED_VARIABLE = YES;
				IPHONEOS_DEPLOYMENT_TARGET = 11.0;
				MTL_ENABLE_DEBUG_INFO = YES;
				ONLY_ACTIVE_ARCH = YES;
				SDKROOT = iphoneos;
				SWIFT_ACTIVE_COMPILATION_CONDITIONS = DEBUG;
				SWIFT_OPTIMIZATION_LEVEL = "-Onone";
			};
			name = Debug;
		};
		FCFDB1411F9B1BD600A8ECD2 /* Release */ = {
			isa = XCBuildConfiguration;
			buildSettings = {
				ALWAYS_SEARCH_USER_PATHS = NO;
				CLANG_ANALYZER_NONNULL = YES;
				CLANG_ANALYZER_NUMBER_OBJECT_CONVERSION = YES_AGGRESSIVE;
				CLANG_CXX_LANGUAGE_STANDARD = "gnu++14";
				CLANG_CXX_LIBRARY = "libc++";
				CLANG_ENABLE_MODULES = YES;
				CLANG_ENABLE_OBJC_ARC = YES;
				CLANG_WARN_BLOCK_CAPTURE_AUTORELEASING = YES;
				CLANG_WARN_BOOL_CONVERSION = YES;
				CLANG_WARN_COMMA = YES;
				CLANG_WARN_CONSTANT_CONVERSION = YES;
				CLANG_WARN_DIRECT_OBJC_ISA_USAGE = YES_ERROR;
				CLANG_WARN_DOCUMENTATION_COMMENTS = YES;
				CLANG_WARN_EMPTY_BODY = YES;
				CLANG_WARN_ENUM_CONVERSION = YES;
				CLANG_WARN_INFINITE_RECURSION = YES;
				CLANG_WARN_INT_CONVERSION = YES;
				CLANG_WARN_NON_LITERAL_NULL_CONVERSION = YES;
				CLANG_WARN_OBJC_LITERAL_CONVERSION = YES;
				CLANG_WARN_OBJC_ROOT_CLASS = YES_ERROR;
				CLANG_WARN_RANGE_LOOP_ANALYSIS = YES;
				CLANG_WARN_STRICT_PROTOTYPES = YES;
				CLANG_WARN_SUSPICIOUS_MOVE = YES;
				CLANG_WARN_UNGUARDED_AVAILABILITY = YES_AGGRESSIVE;
				CLANG_WARN_UNREACHABLE_CODE = YES;
				CLANG_WARN__DUPLICATE_METHOD_MATCH = YES;
				CODE_SIGN_IDENTITY = "iPhone Developer";
				COPY_PHASE_STRIP = NO;
				DEBUG_INFORMATION_FORMAT = "dwarf-with-dsym";
				ENABLE_NS_ASSERTIONS = NO;
				ENABLE_STRICT_OBJC_MSGSEND = YES;
				GCC_C_LANGUAGE_STANDARD = gnu11;
				GCC_NO_COMMON_BLOCKS = YES;
				GCC_WARN_64_TO_32_BIT_CONVERSION = YES;
				GCC_WARN_ABOUT_RETURN_TYPE = YES_ERROR;
				GCC_WARN_UNDECLARED_SELECTOR = YES;
				GCC_WARN_UNINITIALIZED_AUTOS = YES_AGGRESSIVE;
				GCC_WARN_UNUSED_FUNCTION = YES;
				GCC_WARN_UNUSED_VARIABLE = YES;
				IPHONEOS_DEPLOYMENT_TARGET = 11.0;
				MTL_ENABLE_DEBUG_INFO = NO;
				SDKROOT = iphoneos;
				SWIFT_OPTIMIZATION_LEVEL = "-Owholemodule";
				VALIDATE_PRODUCT = YES;
			};
			name = Release;
		};
		FCFDB1431F9B1BD600A8ECD2 /* Debug */ = {
			isa = XCBuildConfiguration;
			baseConfigurationReference = 817440E6F1C1276AAD489E4F /* Pods-Client.debug.xcconfig */;
			buildSettings = {
				ASSETCATALOG_COMPILER_APPICON_NAME = AppIcon;
				CODE_SIGN_STYLE = Automatic;
				DEVELOPMENT_TEAM = 84A6Z2YQ4T;
				INFOPLIST_FILE = Client/Info.plist;
				IPHONEOS_DEPLOYMENT_TARGET = 9.1;
				LD_RUNPATH_SEARCH_PATHS = "$(inherited) @executable_path/Frameworks";
				PRODUCT_BUNDLE_IDENTIFIER = com.codeworm.Client;
				PRODUCT_NAME = "$(TARGET_NAME)";
				SWIFT_VERSION = 4.0;
				TARGETED_DEVICE_FAMILY = "1,2";
			};
			name = Debug;
		};
		FCFDB1441F9B1BD600A8ECD2 /* Release */ = {
			isa = XCBuildConfiguration;
			baseConfigurationReference = 51A8F9EACA4FA2C5565D9344 /* Pods-Client.release.xcconfig */;
			buildSettings = {
				ASSETCATALOG_COMPILER_APPICON_NAME = AppIcon;
				CODE_SIGN_STYLE = Automatic;
				DEVELOPMENT_TEAM = 84A6Z2YQ4T;
				INFOPLIST_FILE = Client/Info.plist;
				IPHONEOS_DEPLOYMENT_TARGET = 9.1;
				LD_RUNPATH_SEARCH_PATHS = "$(inherited) @executable_path/Frameworks";
				PRODUCT_BUNDLE_IDENTIFIER = com.codeworm.Client;
				PRODUCT_NAME = "$(TARGET_NAME)";
				SWIFT_VERSION = 4.0;
				TARGETED_DEVICE_FAMILY = "1,2";
			};
			name = Release;
		};
/* End XCBuildConfiguration section */

/* Begin XCConfigurationList section */
		FCFDB12B1F9B1BD600A8ECD2 /* Build configuration list for PBXProject "Client" */ = {
			isa = XCConfigurationList;
			buildConfigurations = (
				FCFDB1401F9B1BD600A8ECD2 /* Debug */,
				FCFDB1411F9B1BD600A8ECD2 /* Release */,
			);
			defaultConfigurationIsVisible = 0;
			defaultConfigurationName = Release;
		};
		FCFDB1421F9B1BD600A8ECD2 /* Build configuration list for PBXNativeTarget "Client" */ = {
			isa = XCConfigurationList;
			buildConfigurations = (
				FCFDB1431F9B1BD600A8ECD2 /* Debug */,
				FCFDB1441F9B1BD600A8ECD2 /* Release */,
			);
			defaultConfigurationIsVisible = 0;
			defaultConfigurationName = Release;
		};
/* End XCConfigurationList section */
	};
	rootObject = FCFDB1281F9B1BD600A8ECD2 /* Project object */;
}
